// !$*UTF8*$!
{
	archiveVersion = 1;
	classes = {
	};
	objectVersion = 55;
	objects = {

/* Begin PBXBuildFile section */
		F3295A0D297827580004939A /* NASAAPPApp.swift in Sources */ = {isa = PBXBuildFile; fileRef = F3295A0C297827580004939A /* NASAAPPApp.swift */; };
		F3295A0F297827580004939A /* ContentView.swift in Sources */ = {isa = PBXBuildFile; fileRef = F3295A0E297827580004939A /* ContentView.swift */; };
		F3295A11297827590004939A /* Assets.xcassets in Resources */ = {isa = PBXBuildFile; fileRef = F3295A10297827590004939A /* Assets.xcassets */; };
		F3295A14297827590004939A /* Preview Assets.xcassets in Resources */ = {isa = PBXBuildFile; fileRef = F3295A13297827590004939A /* Preview Assets.xcassets */; };
		F3295A16297827590004939A /* Persistence.swift in Sources */ = {isa = PBXBuildFile; fileRef = F3295A15297827590004939A /* Persistence.swift */; };
		F3295A19297827590004939A /* NASAAPP.xcdatamodeld in Sources */ = {isa = PBXBuildFile; fileRef = F3295A17297827590004939A /* NASAAPP.xcdatamodeld */; };
		F3295A20297829270004939A /* NetworkManager.swift in Sources */ = {isa = PBXBuildFile; fileRef = F3295A1F297829270004939A /* NetworkManager.swift */; };
		F3295A27297912AC0004939A /* APODModel.swift in Sources */ = {isa = PBXBuildFile; fileRef = F3295A26297912AC0004939A /* APODModel.swift */; };
		F3295A292979132F0004939A /* APODView.swift in Sources */ = {isa = PBXBuildFile; fileRef = F3295A282979132F0004939A /* APODView.swift */; };
		F3876A5A297A4EA700A239EB /* DataController.swift in Sources */ = {isa = PBXBuildFile; fileRef = F3876A59297A4EA700A239EB /* DataController.swift */; };
		F3876A5F297A50BC00A239EB /* FavouriteView.swift in Sources */ = {isa = PBXBuildFile; fileRef = F3876A5E297A50BC00A239EB /* FavouriteView.swift */; };
		F3A246C92986B5FC00D34CBA /* DetailedFavouriteView.swift in Sources */ = {isa = PBXBuildFile; fileRef = F3A246C82986B5FC00D34CBA /* DetailedFavouriteView.swift */; };
/* End PBXBuildFile section */

/* Begin PBXFileReference section */
		F3295A09297827580004939A /* NASAAPP.app */ = {isa = PBXFileReference; explicitFileType = wrapper.application; includeInIndex = 0; path = NASAAPP.app; sourceTree = BUILT_PRODUCTS_DIR; };
		F3295A0C297827580004939A /* NASAAPPApp.swift */ = {isa = PBXFileReference; lastKnownFileType = sourcecode.swift; path = NASAAPPApp.swift; sourceTree = "<group>"; };
		F3295A0E297827580004939A /* ContentView.swift */ = {isa = PBXFileReference; lastKnownFileType = sourcecode.swift; path = ContentView.swift; sourceTree = "<group>"; };
		F3295A10297827590004939A /* Assets.xcassets */ = {isa = PBXFileReference; lastKnownFileType = folder.assetcatalog; path = Assets.xcassets; sourceTree = "<group>"; };
		F3295A13297827590004939A /* Preview Assets.xcassets */ = {isa = PBXFileReference; lastKnownFileType = folder.assetcatalog; path = "Preview Assets.xcassets"; sourceTree = "<group>"; };
		F3295A15297827590004939A /* Persistence.swift */ = {isa = PBXFileReference; lastKnownFileType = sourcecode.swift; path = Persistence.swift; sourceTree = "<group>"; };
		F3295A18297827590004939A /* NASAAPP.xcdatamodel */ = {isa = PBXFileReference; lastKnownFileType = wrapper.xcdatamodel; path = NASAAPP.xcdatamodel; sourceTree = "<group>"; };
		F3295A1F297829270004939A /* NetworkManager.swift */ = {isa = PBXFileReference; lastKnownFileType = sourcecode.swift; path = NetworkManager.swift; sourceTree = "<group>"; };
		F3295A26297912AC0004939A /* APODModel.swift */ = {isa = PBXFileReference; lastKnownFileType = sourcecode.swift; path = APODModel.swift; sourceTree = "<group>"; };
		F3295A282979132F0004939A /* APODView.swift */ = {isa = PBXFileReference; lastKnownFileType = sourcecode.swift; path = APODView.swift; sourceTree = "<group>"; };
		F3876A59297A4EA700A239EB /* DataController.swift */ = {isa = PBXFileReference; lastKnownFileType = sourcecode.swift; path = DataController.swift; sourceTree = "<group>"; };
		F3876A5E297A50BC00A239EB /* FavouriteView.swift */ = {isa = PBXFileReference; lastKnownFileType = sourcecode.swift; path = FavouriteView.swift; sourceTree = "<group>"; };
		F3A246C82986B5FC00D34CBA /* DetailedFavouriteView.swift */ = {isa = PBXFileReference; lastKnownFileType = sourcecode.swift; path = DetailedFavouriteView.swift; sourceTree = "<group>"; };
/* End PBXFileReference section */

/* Begin PBXFrameworksBuildPhase section */
		F3295A06297827580004939A /* Frameworks */ = {
			isa = PBXFrameworksBuildPhase;
			buildActionMask = 2147483647;
			files = (
			);
			runOnlyForDeploymentPostprocessing = 0;
		};
/* End PBXFrameworksBuildPhase section */

/* Begin PBXGroup section */
		F3289AF32983D15700F10354 /* Model */ = {
			isa = PBXGroup;
			children = (
				F3295A26297912AC0004939A /* APODModel.swift */,
			);
			path = Model;
			sourceTree = "<group>";
		};
		F3289AF52983D16C00F10354 /* ViewController */ = {
			isa = PBXGroup;
			children = (
				F3876A59297A4EA700A239EB /* DataController.swift */,
				F3295A1F297829270004939A /* NetworkManager.swift */,
			);
			path = ViewController;
			sourceTree = "<group>";
		};
		F3289AF62983D18500F10354 /* View */ = {
			isa = PBXGroup;
			children = (
				F3876A5E297A50BC00A239EB /* FavouriteView.swift */,
				F3295A282979132F0004939A /* APODView.swift */,
				F3A246C82986B5FC00D34CBA /* DetailedFavouriteView.swift */,
			);
			path = View;
			sourceTree = "<group>";
		};
		F3295A00297827580004939A = {
			isa = PBXGroup;
			children = (
				F3295A0B297827580004939A /* NASAAPP */,
				F3295A0A297827580004939A /* Products */,
			);
			sourceTree = "<group>";
		};
		F3295A0A297827580004939A /* Products */ = {
			isa = PBXGroup;
			children = (
				F3295A09297827580004939A /* NASAAPP.app */,
			);
			name = Products;
			sourceTree = "<group>";
		};
		F3295A0B297827580004939A /* NASAAPP */ = {
			isa = PBXGroup;
			children = (
				F3295A0C297827580004939A /* NASAAPPApp.swift */,
				F3295A0E297827580004939A /* ContentView.swift */,
				F3295A10297827590004939A /* Assets.xcassets */,
				F3289AF62983D18500F10354 /* View */,
				F3289AF52983D16C00F10354 /* ViewController */,
				F3289AF32983D15700F10354 /* Model */,
				F3295A15297827590004939A /* Persistence.swift */,
				F3295A17297827590004939A /* NASAAPP.xcdatamodeld */,
				F3295A12297827590004939A /* Preview Content */,
			);
			path = NASAAPP;
			sourceTree = "<group>";
		};
		F3295A12297827590004939A /* Preview Content */ = {
			isa = PBXGroup;
			children = (
				F3295A13297827590004939A /* Preview Assets.xcassets */,
			);
			path = "Preview Content";
			sourceTree = "<group>";
		};
/* End PBXGroup section */

/* Begin PBXNativeTarget section */
		F3295A08297827580004939A /* NASAAPP */ = {
			isa = PBXNativeTarget;
			buildConfigurationList = F3295A1C2978275A0004939A /* Build configuration list for PBXNativeTarget "NASAAPP" */;
			buildPhases = (
				F3295A05297827580004939A /* Sources */,
				F3295A06297827580004939A /* Frameworks */,
				F3295A07297827580004939A /* Resources */,
			);
			buildRules = (
			);
			dependencies = (
			);
			name = NASAAPP;
			productName = NASAAPP;
			productReference = F3295A09297827580004939A /* NASAAPP.app */;
			productType = "com.apple.product-type.application";
		};
/* End PBXNativeTarget section */

/* Begin PBXProject section */
		F3295A01297827580004939A /* Project object */ = {
			isa = PBXProject;
			attributes = {
				LastSwiftUpdateCheck = 1420;
				LastUpgradeCheck = 1420;
				TargetAttributes = {
					F3295A08297827580004939A = {
						CreatedOnToolsVersion = 14.2;
					};
				};
			};
			buildConfigurationList = F3295A04297827580004939A /* Build configuration list for PBXProject "NASAAPP" */;
			compatibilityVersion = "Xcode 13.0";
			developmentRegion = en;
			hasScannedForEncodings = 0;
			knownRegions = (
				en,
				Base,
			);
			mainGroup = F3295A00297827580004939A;
			productRefGroup = F3295A0A297827580004939A /* Products */;
			projectDirPath = "";
			projectRoot = "";
			targets = (
				F3295A08297827580004939A /* NASAAPP */,
			);
		};
/* End PBXProject section */

/* Begin PBXResourcesBuildPhase section */
		F3295A07297827580004939A /* Resources */ = {
			isa = PBXResourcesBuildPhase;
			buildActionMask = 2147483647;
			files = (
				F3295A14297827590004939A /* Preview Assets.xcassets in Resources */,
				F3295A11297827590004939A /* Assets.xcassets in Resources */,
			);
			runOnlyForDeploymentPostprocessing = 0;
		};
/* End PBXResourcesBuildPhase section */

/* Begin PBXSourcesBuildPhase section */
		F3295A05297827580004939A /* Sources */ = {
			isa = PBXSourcesBuildPhase;
			buildActionMask = 2147483647;
			files = (
				F3295A19297827590004939A /* NASAAPP.xcdatamodeld in Sources */,
				F3295A16297827590004939A /* Persistence.swift in Sources */,
				F3295A20297829270004939A /* NetworkManager.swift in Sources */,
				F3295A292979132F0004939A /* APODView.swift in Sources */,
				F3A246C92986B5FC00D34CBA /* DetailedFavouriteView.swift in Sources */,
				F3295A0F297827580004939A /* ContentView.swift in Sources */,
				F3876A5A297A4EA700A239EB /* DataController.swift in Sources */,
				F3876A5F297A50BC00A239EB /* FavouriteView.swift in Sources */,
				F3295A0D297827580004939A /* NASAAPPApp.swift in Sources */,
				F3295A27297912AC0004939A /* APODModel.swift in Sources */,
			);
			runOnlyForDeploymentPostprocessing = 0;
		};
/* End PBXSourcesBuildPhase section */

/* Begin XCBuildConfiguration section */
		F3295A1A2978275A0004939A /* Debug */ = {
			isa = XCBuildConfiguration;
			buildSettings = {
				ALWAYS_SEARCH_USER_PATHS = NO;
				CLANG_ANALYZER_NONNULL = YES;
				CLANG_ANALYZER_NUMBER_OBJECT_CONVERSION = YES_AGGRESSIVE;
				CLANG_CXX_LANGUAGE_STANDARD = "gnu++20";
				CLANG_ENABLE_MODULES = YES;
				CLANG_ENABLE_OBJC_ARC = YES;
				CLANG_ENABLE_OBJC_WEAK = YES;
				CLANG_WARN_BLOCK_CAPTURE_AUTORELEASING = YES;
				CLANG_WARN_BOOL_CONVERSION = YES;
				CLANG_WARN_COMMA = YES;
				CLANG_WARN_CONSTANT_CONVERSION = YES;
				CLANG_WARN_DEPRECATED_OBJC_IMPLEMENTATIONS = YES;
				CLANG_WARN_DIRECT_OBJC_ISA_USAGE = YES_ERROR;
				CLANG_WARN_DOCUMENTATION_COMMENTS = YES;
				CLANG_WARN_EMPTY_BODY = YES;
				CLANG_WARN_ENUM_CONVERSION = YES;
				CLANG_WARN_INFINITE_RECURSION = YES;
				CLANG_WARN_INT_CONVERSION = YES;
				CLANG_WARN_NON_LITERAL_NULL_CONVERSION = YES;
				CLANG_WARN_OBJC_IMPLICIT_RETAIN_SELF = YES;
				CLANG_WARN_OBJC_LITERAL_CONVERSION = YES;
				CLANG_WARN_OBJC_ROOT_CLASS = YES_ERROR;
				CLANG_WARN_QUOTED_INCLUDE_IN_FRAMEWORK_HEADER = YES;
				CLANG_WARN_RANGE_LOOP_ANALYSIS = YES;
				CLANG_WARN_STRICT_PROTOTYPES = YES;
				CLANG_WARN_SUSPICIOUS_MOVE = YES;
				CLANG_WARN_UNGUARDED_AVAILABILITY = YES_AGGRESSIVE;
				CLANG_WARN_UNREACHABLE_CODE = YES;
				CLANG_WARN__DUPLICATE_METHOD_MATCH = YES;
				COPY_PHASE_STRIP = NO;
				DEBUG_INFORMATION_FORMAT = dwarf;
				ENABLE_STRICT_OBJC_MSGSEND = YES;
				ENABLE_TESTABILITY = YES;
				GCC_C_LANGUAGE_STANDARD = gnu11;
				GCC_DYNAMIC_NO_PIC = NO;
				GCC_NO_COMMON_BLOCKS = YES;
				GCC_OPTIMIZATION_LEVEL = 0;
				GCC_PREPROCESSOR_DEFINITIONS = (
					"DEBUG=1",
					"$(inherited)",
				);
				GCC_WARN_64_TO_32_BIT_CONVERSION = YES;
				GCC_WARN_ABOUT_RETURN_TYPE = YES_ERROR;
				GCC_WARN_UNDECLARED_SELECTOR = YES;
				GCC_WARN_UNINITIALIZED_AUTOS = YES_AGGRESSIVE;
				GCC_WARN_UNUSED_FUNCTION = YES;
				GCC_WARN_UNUSED_VARIABLE = YES;
				IPHONEOS_DEPLOYMENT_TARGET = 16.2;
				MTL_ENABLE_DEBUG_INFO = INCLUDE_SOURCE;
				MTL_FAST_MATH = YES;
				ONLY_ACTIVE_ARCH = YES;
				SDKROOT = iphoneos;
				SWIFT_ACTIVE_COMPILATION_CONDITIONS = DEBUG;
				SWIFT_OPTIMIZATION_LEVEL = "-Onone";
			};
			name = Debug;
		};
		F3295A1B2978275A0004939A /* Release */ = {
			isa = XCBuildConfiguration;
			buildSettings = {
				ALWAYS_SEARCH_USER_PATHS = NO;
				CLANG_ANALYZER_NONNULL = YES;
				CLANG_ANALYZER_NUMBER_OBJECT_CONVERSION = YES_AGGRESSIVE;
				CLANG_CXX_LANGUAGE_STANDARD = "gnu++20";
				CLANG_ENABLE_MODULES = YES;
				CLANG_ENABLE_OBJC_ARC = YES;
				CLANG_ENABLE_OBJC_WEAK = YES;
				CLANG_WARN_BLOCK_CAPTURE_AUTORELEASING = YES;
				CLANG_WARN_BOOL_CONVERSION = YES;
				CLANG_WARN_COMMA = YES;
				CLANG_WARN_CONSTANT_CONVERSION = YES;
				CLANG_WARN_DEPRECATED_OBJC_IMPLEMENTATIONS = YES;
				CLANG_WARN_DIRECT_OBJC_ISA_USAGE = YES_ERROR;
				CLANG_WARN_DOCUMENTATION_COMMENTS = YES;
				CLANG_WARN_EMPTY_BODY = YES;
				CLANG_WARN_ENUM_CONVERSION = YES;
				CLANG_WARN_INFINITE_RECURSION = YES;
				CLANG_WARN_INT_CONVERSION = YES;
				CLANG_WARN_NON_LITERAL_NULL_CONVERSION = YES;
				CLANG_WARN_OBJC_IMPLICIT_RETAIN_SELF = YES;
				CLANG_WARN_OBJC_LITERAL_CONVERSION = YES;
				CLANG_WARN_OBJC_ROOT_CLASS = YES_ERROR;
				CLANG_WARN_QUOTED_INCLUDE_IN_FRAMEWORK_HEADER = YES;
				CLANG_WARN_RANGE_LOOP_ANALYSIS = YES;
				CLANG_WARN_STRICT_PROTOTYPES = YES;
				CLANG_WARN_SUSPICIOUS_MOVE = YES;
				CLANG_WARN_UNGUARDED_AVAILABILITY = YES_AGGRESSIVE;
				CLANG_WARN_UNREACHABLE_CODE = YES;
				CLANG_WARN__DUPLICATE_METHOD_MATCH = YES;
				COPY_PHASE_STRIP = NO;
				DEBUG_INFORMATION_FORMAT = "dwarf-with-dsym";
				ENABLE_NS_ASSERTIONS = NO;
				ENABLE_STRICT_OBJC_MSGSEND = YES;
				GCC_C_LANGUAGE_STANDARD = gnu11;
				GCC_NO_COMMON_BLOCKS = YES;
				GCC_WARN_64_TO_32_BIT_CONVERSION = YES;
				GCC_WARN_ABOUT_RETURN_TYPE = YES_ERROR;
				GCC_WARN_UNDECLARED_SELECTOR = YES;
				GCC_WARN_UNINITIALIZED_AUTOS = YES_AGGRESSIVE;
				GCC_WARN_UNUSED_FUNCTION = YES;
				GCC_WARN_UNUSED_VARIABLE = YES;
				IPHONEOS_DEPLOYMENT_TARGET = 16.2;
				MTL_ENABLE_DEBUG_INFO = NO;
				MTL_FAST_MATH = YES;
				SDKROOT = iphoneos;
				SWIFT_COMPILATION_MODE = wholemodule;
				SWIFT_OPTIMIZATION_LEVEL = "-O";
				VALIDATE_PRODUCT = YES;
			};
			name = Release;
		};
		F3295A1D2978275A0004939A /* Debug */ = {
			isa = XCBuildConfiguration;
			buildSettings = {
				ASSETCATALOG_COMPILER_APPICON_NAME = AppIcon;
				ASSETCATALOG_COMPILER_GLOBAL_ACCENT_COLOR_NAME = AccentColor;
				CODE_SIGN_STYLE = Automatic;
				CURRENT_PROJECT_VERSION = 1;
				DEVELOPMENT_ASSET_PATHS = "\"NASAAPP/Preview Content\"";
				ENABLE_PREVIEWS = YES;
				GENERATE_INFOPLIST_FILE = YES;
				INFOPLIST_KEY_UIApplicationSceneManifest_Generation = YES;
				INFOPLIST_KEY_UIApplicationSupportsIndirectInputEvents = YES;
				INFOPLIST_KEY_UILaunchScreen_Generation = YES;
				INFOPLIST_KEY_UISupportedInterfaceOrientations_iPad = "UIInterfaceOrientationPortrait UIInterfaceOrientationPortraitUpsideDown UIInterfaceOrientationLandscapeLeft UIInterfaceOrientationLandscapeRight";
				INFOPLIST_KEY_UISupportedInterfaceOrientations_iPhone = "UIInterfaceOrientationPortrait UIInterfaceOrientationLandscapeLeft UIInterfaceOrientationLandscapeRight";
				IPHONEOS_DEPLOYMENT_TARGET = 15.5;
				LD_RUNPATH_SEARCH_PATHS = (
					"$(inherited)",
					"@executable_path/Frameworks",
				);
				MARKETING_VERSION = 1.0;
				PRODUCT_BUNDLE_IDENTIFIER = com.srikanth.NASAAPP;
				PRODUCT_NAME = "$(TARGET_NAME)";
				SWIFT_EMIT_LOC_STRINGS = YES;
				SWIFT_VERSION = 5.0;
				TARGETED_DEVICE_FAMILY = "1,2";
			};
			name = Debug;
		};
		F3295A1E2978275A0004939A /* Release */ = {
			isa = XCBuildConfiguration;
			buildSettings = {
				ASSETCATALOG_COMPILER_APPICON_NAME = AppIcon;
				ASSETCATALOG_COMPILER_GLOBAL_ACCENT_COLOR_NAME = AccentColor;
				CODE_SIGN_STYLE = Automatic;
				CURRENT_PROJECT_VERSION = 1;
				DEVELOPMENT_ASSET_PATHS = "\"NASAAPP/Preview Content\"";
				ENABLE_PREVIEWS = YES;
				GENERATE_INFOPLIST_FILE = YES;
				INFOPLIST_KEY_UIApplicationSceneManifest_Generation = YES;
				INFOPLIST_KEY_UIApplicationSupportsIndirectInputEvents = YES;
				INFOPLIST_KEY_UILaunchScreen_Generation = YES;
				INFOPLIST_KEY_UISupportedInterfaceOrientations_iPad = "UIInterfaceOrientationPortrait UIInterfaceOrientationPortraitUpsideDown UIInterfaceOrientationLandscapeLeft UIInterfaceOrientationLandscapeRight";
				INFOPLIST_KEY_UISupportedInterfaceOrientations_iPhone = "UIInterfaceOrientationPortrait UIInterfaceOrientationLandscapeLeft UIInterfaceOrientationLandscapeRight";
				IPHONEOS_DEPLOYMENT_TARGET = 15.5;
				LD_RUNPATH_SEARCH_PATHS = (
					"$(inherited)",
					"@executable_path/Frameworks",
				);
				MARKETING_VERSION = 1.0;
				PRODUCT_BUNDLE_IDENTIFIER = com.srikanth.NASAAPP;
				PRODUCT_NAME = "$(TARGET_NAME)";
				SWIFT_EMIT_LOC_STRINGS = YES;
				SWIFT_VERSION = 5.0;
				TARGETED_DEVICE_FAMILY = "1,2";
			};
			name = Release;
		};
/* End XCBuildConfiguration section */

/* Begin XCConfigurationList section */
		F3295A04297827580004939A /* Build configuration list for PBXProject "NASAAPP" */ = {
			isa = XCConfigurationList;
			buildConfigurations = (
				F3295A1A2978275A0004939A /* Debug */,
				F3295A1B2978275A0004939A /* Release */,
			);
			defaultConfigurationIsVisible = 0;
			defaultConfigurationName = Release;
		};
		F3295A1C2978275A0004939A /* Build configuration list for PBXNativeTarget "NASAAPP" */ = {
			isa = XCConfigurationList;
			buildConfigurations = (
				F3295A1D2978275A0004939A /* Debug */,
				F3295A1E2978275A0004939A /* Release */,
			);
			defaultConfigurationIsVisible = 0;
			defaultConfigurationName = Release;
		};
/* End XCConfigurationList section */

/* Begin XCVersionGroup section */
		F3295A17297827590004939A /* NASAAPP.xcdatamodeld */ = {
			isa = XCVersionGroup;
			children = (
				F3295A18297827590004939A /* NASAAPP.xcdatamodel */,
			);
			currentVersion = F3295A18297827590004939A /* NASAAPP.xcdatamodel */;
			path = NASAAPP.xcdatamodeld;
			sourceTree = "<group>";
			versionGroupType = wrapper.xcdatamodel;
		};
/* End XCVersionGroup section */
	};
	rootObject = F3295A01297827580004939A /* Project object */;
}
